
Microsoft Visual Studio Solution File, Format Version 12.00
# Visual Studio Version 16
VisualStudioVersion = 16.0.30309.148
MinimumVisualStudioVersion = 10.0.40219.1
Project("{FAE04EC0-301F-11D3-BF4B-00C04F79EFBC}") = "Project 3b", "Project 3b\Project 3b.csproj", "{0E4229AB-01CD-4824-A3E5-3ADE32C4EF55}"
EndProject
Global
	GlobalSection(SolutionConfigurationPlatforms) = preSolution
		Debug|Any CPU = Debug|Any CPU
		Release|Any CPU = Release|Any CPU
	EndGlobalSection
	GlobalSection(ProjectConfigurationPlatforms) = postSolution
		{0E4229AB-01CD-4824-A3E5-3ADE32C4EF55}.Debug|Any CPU.ActiveCfg = Debug|Any CPU
		{0E4229AB-01CD-4824-A3E5-3ADE32C4EF55}.Debug|Any CPU.Build.0 = Debug|Any CPU
		{0E4229AB-01CD-4824-A3E5-3ADE32C4EF55}.Release|Any CPU.ActiveCfg = Release|Any CPU
		{0E4229AB-01CD-4824-A3E5-3ADE32C4EF55}.Release|Any CPU.Build.0 = Release|Any CPU
	EndGlobalSection
	GlobalSection(SolutionProperties) = preSolution
		HideSolutionNode = FALSE
	EndGlobalSection
	GlobalSection(ExtensibilityGlobals) = postSolution
		SolutionGuid = {855BB2F7-C30A-49EA-B632-55DFBAC811D8}
	EndGlobalSection
EndGlobal
